
Microsoft Visual Studio Solution File, Format Version 12.00
# Visual Studio 2012
Project("{FAE04EC0-301F-11D3-BF4B-00C04F79EFBC}") = "FileEncryptor", "FileEncryptor\FileEncryptor.csproj", "{2325BC2F-42B8-4B3A-B58D-070D91E77E3B}"
EndProject
Global
	GlobalSection(SolutionConfigurationPlatforms) = preSolution
		Debug|Any CPU = Debug|Any CPU
		Release|Any CPU = Release|Any CPU
	EndGlobalSection
	GlobalSection(ProjectConfigurationPlatforms) = postSolution
		{2325BC2F-42B8-4B3A-B58D-070D91E77E3B}.Debug|Any CPU.ActiveCfg = Debug|Any CPU
		{2325BC2F-42B8-4B3A-B58D-070D91E77E3B}.Debug|Any CPU.Build.0 = Debug|Any CPU
		{2325BC2F-42B8-4B3A-B58D-070D91E77E3B}.Release|Any CPU.ActiveCfg = Release|Any CPU
		{2325BC2F-42B8-4B3A-B58D-070D91E77E3B}.Release|Any CPU.Build.0 = Release|Any CPU
	EndGlobalSection
	GlobalSection(SolutionProperties) = preSolution
		HideSolutionNode = FALSE
	EndGlobalSection
EndGlobal
